
Microsoft Visual Studio Solution File, Format Version 12.00
# Visual Studio 15
VisualStudioVersion = 15.0.27428.2002
MinimumVisualStudioVersion = 10.0.40219.1
Project("{FAE04EC0-301F-11D3-BF4B-00C04F79EFBC}") = "Blazor3", "Blazor3\Blazor3.csproj", "{07243E3E-46B6-476A-988A-E17B175CA714}"
EndProject
Global
	GlobalSection(SolutionConfigurationPlatforms) = preSolution
		Debug|Any CPU = Debug|Any CPU
		Release|Any CPU = Release|Any CPU
	EndGlobalSection
	GlobalSection(ProjectConfigurationPlatforms) = postSolution
		{07243E3E-46B6-476A-988A-E17B175CA714}.Debug|Any CPU.ActiveCfg = Debug|Any CPU
		{07243E3E-46B6-476A-988A-E17B175CA714}.Debug|Any CPU.Build.0 = Debug|Any CPU
		{07243E3E-46B6-476A-988A-E17B175CA714}.Release|Any CPU.ActiveCfg = Release|Any CPU
		{07243E3E-46B6-476A-988A-E17B175CA714}.Release|Any CPU.Build.0 = Release|Any CPU
	EndGlobalSection
	GlobalSection(SolutionProperties) = preSolution
		HideSolutionNode = FALSE
	EndGlobalSection
	GlobalSection(ExtensibilityGlobals) = postSolution
		SolutionGuid = {86EB5B31-0441-4DF4-B578-E2A4CA484358}
	EndGlobalSection
EndGlobal
